
Microsoft Visual Studio Solution File, Format Version 12.00
# Visual Studio Version 17
VisualStudioVersion = 17.1.32421.90
MinimumVisualStudioVersion = 10.0.40219.1
Project("{9A19103F-16F7-4668-BE54-9A1E7A4F7556}") = "Curso_Api_Rest", "Curso_Api_Rest.csproj", "{F62DBF1D-EB6D-4997-8233-6E70701A9D62}"
EndProject
Global
	GlobalSection(SolutionConfigurationPlatforms) = preSolution
		Debug|Any CPU = Debug|Any CPU
		Release|Any CPU = Release|Any CPU
	EndGlobalSection
	GlobalSection(ProjectConfigurationPlatforms) = postSolution
		{F62DBF1D-EB6D-4997-8233-6E70701A9D62}.Debug|Any CPU.ActiveCfg = Debug|Any CPU
		{F62DBF1D-EB6D-4997-8233-6E70701A9D62}.Debug|Any CPU.Build.0 = Debug|Any CPU
		{F62DBF1D-EB6D-4997-8233-6E70701A9D62}.Release|Any CPU.ActiveCfg = Release|Any CPU
		{F62DBF1D-EB6D-4997-8233-6E70701A9D62}.Release|Any CPU.Build.0 = Release|Any CPU
	EndGlobalSection
	GlobalSection(SolutionProperties) = preSolution
		HideSolutionNode = FALSE
	EndGlobalSection
	GlobalSection(ExtensibilityGlobals) = postSolution
		SolutionGuid = {260EC000-1F2A-438E-AE4B-A7A5643CA7E1}
	EndGlobalSection
EndGlobal
